<?xml version="1.0" encoding="utf-8"?>
<Project ToolsVersion="4.0" xmlns="http://schemas.microsoft.com/developer/msbuild/2003">
  <ItemGroup>
    <Filter Include="源文件">
      <UniqueIdentifier>{4FC737F1-C7A5-4376-A066-2A32D752A2FF}</UniqueIdentifier>
      <Extensions>cpp;c;cc;cxx;def;odl;idl;hpj;bat;asm;asmx</Extensions>
    </Filter>
    <Filter Include="头文件">
      <UniqueIdentifier>{93995380-89BD-4b04-88EB-625FBE52EBFB}</UniqueIdentifier>
      <Extensions>h;hh;hpp;hxx;hm;inl;inc;ipp;xsd</Extensions>
    </Filter>
    <Filter Include="资源文件">
      <UniqueIdentifier>{67DA6AB6-F800-4c08-8B7A-83BB121AAD01}</UniqueIdentifier>
      <Extensions>rc;ico;cur;bmp;dlg;rc2;rct;bin;rgs;gif;jpg;jpeg;jpe;resx;tiff;tif;png;wav;mfcribbon-ms</Extensions>
    </Filter>
  </ItemGroup>
  <ItemGroup>
    <CudaCompile Include="test.cu">
      <Filter>源文件</Filter>
    </CudaCompile>
    <CudaCompile Include="..\..\..\Common\CUDA\Siddon_projection.cu">
      <Filter>源文件</Filter>
    </CudaCompile>
    <CudaCompile Include="..\..\..\Common\CUDA\BOSLAB_common.cu">
      <Filter>源文件</Filter>
    </CudaCompile>
    <CudaCompile Include="..\..\..\Common\CUDA\ray_interpolated_projection.cu">
      <Filter>源文件</Filter>
    </CudaCompile>
    <CudaCompile Include="..\..\..\Common\CUDA\gpuUtils.cu">
      <Filter>源文件</Filter>
    </CudaCompile>
    <CudaCompile Include="..\..\..\Common\CUDA\voxel_backprojection.cu">
      <Filter>源文件</Filter>
    </CudaCompile>
    <CudaCompile Include="..\..\..\Common\CUDA\mask_backprojection.cu">
      <Filter>源文件</Filter>
    </CudaCompile>
    <CudaCompile Include="..\..\..\Common\CUDA\IRN_TV_CGLS.cu">
      <Filter>源文件</Filter>
    </CudaCompile>
    <CudaCompile Include="..\..\..\Common\CUDA\uvtoeps.cu">
      <Filter>源文件</Filter>
    </CudaCompile>
    <CudaCompile Include="..\..\..\Common\CUDA\imgtodisplacement.cu">
      <Filter>源文件</Filter>
    </CudaCompile>
    <CudaCompile Include="..\..\..\Common\CUDA\imgtoreconstruction.cu">
      <Filter>源文件</Filter>
    </CudaCompile>
    <CudaCompile Include="..\..\..\Common\CUDA\imgtoreconstruction_realtime.cu">
      <Filter>源文件</Filter>
    </CudaCompile>
    <CudaCompile Include="..\..\..\Common\CUDA\imgtodisplacement_onestream.cu">
      <Filter>源文件</Filter>
    </CudaCompile>
    <CudaCompile Include="..\..\..\Common\CUDA\uvtoeps_onestream.cu">
      <Filter>源文件</Filter>
    </CudaCompile>
    <CudaCompile Include="..\..\..\Common\CUDA\IRN_TV_CGLS_onestream.cu">
      <Filter>源文件</Filter>
    </CudaCompile>
  </ItemGroup>
  <ItemGroup>
    <ClCompile Include="Ax_mat.cpp">
      <Filter>源文件</Filter>
    </ClCompile>
    <ClCompile Include="..\..\..\Common\CUDA\GpuIds.cpp">
      <Filter>源文件</Filter>
    </ClCompile>
    <ClCompile Include="..\..\..\MATLAB\Utilities\cuda_interface\Ax_mex.cpp">
      <Filter>源文件</Filter>
    </ClCompile>
    <ClCompile Include="..\..\..\MATLAB\Utilities\GPU\getGpuCount_mex.cpp">
      <Filter>源文件</Filter>
    </ClCompile>
    <ClCompile Include="..\..\..\MATLAB\Utilities\GPU\getGpuName_mex.cpp">
      <Filter>源文件</Filter>
    </ClCompile>
    <ClCompile Include="Atb_mat.cpp">
      <Filter>源文件</Filter>
    </ClCompile>
    <ClCompile Include="..\..\..\MATLAB\Utilities\cuda_interface\Atb_mex.cpp">
      <Filter>源文件</Filter>
    </ClCompile>
    <ClCompile Include="COpenMat.cpp">
      <Filter>源文件</Filter>
    </ClCompile>
    <ClCompile Include="reconstruction.cpp">
      <Filter>源文件</Filter>
    </ClCompile>
    <ClCompile Include="temp.cpp">
      <Filter>源文件</Filter>
    </ClCompile>
  </ItemGroup>
  <ItemGroup>
    <ClInclude Include="..\..\..\Common\CUDA\types_BOSLAB.h">
      <Filter>头文件</Filter>
    </ClInclude>
    <ClInclude Include="..\..\..\Common\CUDA\Siddon_projection.h">
      <Filter>头文件</Filter>
    </ClInclude>
    <ClInclude Include="..\..\..\Common\CUDA\BOSLAB_common.h">
      <Filter>头文件</Filter>
    </ClInclude>
    <ClInclude Include="..\..\..\Common\CUDA\GpuIds.hpp">
      <Filter>头文件</Filter>
    </ClInclude>
    <ClInclude Include="..\..\..\Common\CUDA\ray_interpolated_projection.h">
      <Filter>头文件</Filter>
    </ClInclude>
    <ClInclude Include="..\..\..\Common\CUDA\voxel_backprojection.h">
      <Filter>头文件</Filter>
    </ClInclude>
    <ClInclude Include="..\..\..\Common\CUDA\mask_backprojection.h">
      <Filter>头文件</Filter>
    </ClInclude>
    <ClInclude Include="..\..\..\Common\MattoC++\BOSLABreconstruct.h">
      <Filter>头文件</Filter>
    </ClInclude>
    <ClInclude Include="..\..\..\Common\CUDA\uvtoeps.h">
      <Filter>头文件</Filter>
    </ClInclude>
    <ClInclude Include="..\..\..\Common\CUDA\gpuUtils.hpp">
      <Filter>头文件</Filter>
    </ClInclude>
    <ClInclude Include="..\..\..\Common\CUDA\reconstruction.h">
      <Filter>头文件</Filter>
    </ClInclude>
    <ClInclude Include="..\..\..\Common\CUDA\imgtodisplacement.h">
      <Filter>头文件</Filter>
    </ClInclude>
    <ClInclude Include="..\..\..\Common\CUDA\imgtoreconstruction.h">
      <Filter>头文件</Filter>
    </ClInclude>
    <ClInclude Include="..\..\..\Common\CUDA\gpu_buffer_pool.h">
      <Filter>头文件</Filter>
    </ClInclude>
  </ItemGroup>
</Project>